// !$*UTF8*$!
{
	archiveVersion = 1;
	classes = {
	};
	objectVersion = 46;
	objects = {

/* Begin PBXBuildFile section */
		325028B51AF2D5D800E2ED61 /* services.m in Sources */ = {isa = PBXBuildFile; fileRef = 325028B41AF2D5D800E2ED61 /* services.m */; };
		325028B81AF307D600E2ED61 /* UIImage+Resize.m in Sources */ = {isa = PBXBuildFile; fileRef = 325028B71AF307D600E2ED61 /* UIImage+Resize.m */; };
		32724B7C1AF158F900DFD5FF /* WindowsAzureMobileServices.framework in Frameworks */ = {isa = PBXBuildFile; fileRef = 32724B7B1AF158F900DFD5FF /* WindowsAzureMobileServices.framework */; };
		32724B7E1AF15A5E00DFD5FF /* settings.h in Resources */ = {isa = PBXBuildFile; fileRef = 32724B7D1AF15A5E00DFD5FF /* settings.h */; };
		32724B811AF1719E00DFD5FF /* YWCNewsTableViewController.m in Sources */ = {isa = PBXBuildFile; fileRef = 32724B801AF1719E00DFD5FF /* YWCNewsTableViewController.m */; };
		32724B841AF1720A00DFD5FF /* YWCGeneralNewsTableViewCell.m in Sources */ = {isa = PBXBuildFile; fileRef = 32724B831AF1720A00DFD5FF /* YWCGeneralNewsTableViewCell.m */; };
		32724B871AF1726700DFD5FF /* YWCMyNewsTableViewCell.m in Sources */ = {isa = PBXBuildFile; fileRef = 32724B861AF1726700DFD5FF /* YWCMyNewsTableViewCell.m */; };
		32724B8A1AF172E700DFD5FF /* YWCNewViewController.m in Sources */ = {isa = PBXBuildFile; fileRef = 32724B891AF172E700DFD5FF /* YWCNewViewController.m */; };
		32724B8D1AF173A700DFD5FF /* YWCNewsModel.m in Sources */ = {isa = PBXBuildFile; fileRef = 32724B8C1AF173A700DFD5FF /* YWCNewsModel.m */; };
		32724B911AF1746A00DFD5FF /* YWCProfile.m in Sources */ = {isa = PBXBuildFile; fileRef = 32724B901AF1746A00DFD5FF /* YWCProfile.m */; };
		32724B941AF174CD00DFD5FF /* YWCLibraryNews.m in Sources */ = {isa = PBXBuildFile; fileRef = 32724B931AF174CD00DFD5FF /* YWCLibraryNews.m */; };
		32724B961AF18A6100DFD5FF /* ViewController.xib in Resources */ = {isa = PBXBuildFile; fileRef = 32724B951AF18A6100DFD5FF /* ViewController.xib */; };
		32724B981AF18AA900DFD5FF /* YWCNewsTableViewController.xib in Resources */ = {isa = PBXBuildFile; fileRef = 32724B971AF18AA900DFD5FF /* YWCNewsTableViewController.xib */; };
		32724B9A1AF18AEB00DFD5FF /* YWCNewViewController.xib in Resources */ = {isa = PBXBuildFile; fileRef = 32724B991AF18AEB00DFD5FF /* YWCNewViewController.xib */; };
		32724B9C1AF18B2D00DFD5FF /* YWCMyNewsTableViewCell.xib in Resources */ = {isa = PBXBuildFile; fileRef = 32724B9B1AF18B2D00DFD5FF /* YWCMyNewsTableViewCell.xib */; };
		32724B9E1AF18B6200DFD5FF /* YWCGeneralNewsTableViewCell.xib in Resources */ = {isa = PBXBuildFile; fileRef = 32724B9D1AF18B6200DFD5FF /* YWCGeneralNewsTableViewCell.xib */; };
		32DE54511AF2B4A900E4329D /* YWCLoginViewController.m in Sources */ = {isa = PBXBuildFile; fileRef = 32DE544F1AF2B4A900E4329D /* YWCLoginViewController.m */; };
		32DE54521AF2B4A900E4329D /* YWCLoginViewController.xib in Resources */ = {isa = PBXBuildFile; fileRef = 32DE54501AF2B4A900E4329D /* YWCLoginViewController.xib */; };
		32DE545C1AF2BA5700E4329D /* TPKeyboardAvoidingCollectionView.m in Sources */ = {isa = PBXBuildFile; fileRef = 32DE54551AF2BA5700E4329D /* TPKeyboardAvoidingCollectionView.m */; };
		32DE545D1AF2BA5700E4329D /* TPKeyboardAvoidingScrollView.m in Sources */ = {isa = PBXBuildFile; fileRef = 32DE54571AF2BA5700E4329D /* TPKeyboardAvoidingScrollView.m */; };
		32DE545E1AF2BA5700E4329D /* TPKeyboardAvoidingTableView.m in Sources */ = {isa = PBXBuildFile; fileRef = 32DE54591AF2BA5700E4329D /* TPKeyboardAvoidingTableView.m */; };
		32DE545F1AF2BA5700E4329D /* UIScrollView+TPKeyboardAvoidingAdditions.m in Sources */ = {isa = PBXBuildFile; fileRef = 32DE545B1AF2BA5700E4329D /* UIScrollView+TPKeyboardAvoidingAdditions.m */; };
		32E793501AF1584E00F8F558 /* main.m in Sources */ = {isa = PBXBuildFile; fileRef = 32E7934F1AF1584E00F8F558 /* main.m */; };
		32E793531AF1584E00F8F558 /* AppDelegate.m in Sources */ = {isa = PBXBuildFile; fileRef = 32E793521AF1584E00F8F558 /* AppDelegate.m */; };
		32E793561AF1584E00F8F558 /* ViewController.m in Sources */ = {isa = PBXBuildFile; fileRef = 32E793551AF1584E00F8F558 /* ViewController.m */; };
		32E793591AF1584F00F8F558 /* Main.storyboard in Resources */ = {isa = PBXBuildFile; fileRef = 32E793571AF1584F00F8F558 /* Main.storyboard */; };
		32E7935B1AF1584F00F8F558 /* Images.xcassets in Resources */ = {isa = PBXBuildFile; fileRef = 32E7935A1AF1584F00F8F558 /* Images.xcassets */; };
		32E7935E1AF1584F00F8F558 /* LaunchScreen.xib in Resources */ = {isa = PBXBuildFile; fileRef = 32E7935C1AF1584F00F8F558 /* LaunchScreen.xib */; };
		32E7936A1AF1584F00F8F558 /* scoopNewsTests.m in Sources */ = {isa = PBXBuildFile; fileRef = 32E793691AF1584F00F8F558 /* scoopNewsTests.m */; };
/* End PBXBuildFile section */

/* Begin PBXContainerItemProxy section */
		32E793641AF1584F00F8F558 /* PBXContainerItemProxy */ = {
			isa = PBXContainerItemProxy;
			containerPortal = 32E793421AF1584E00F8F558 /* Project object */;
			proxyType = 1;
			remoteGlobalIDString = 32E793491AF1584E00F8F558;
			remoteInfo = scoopNews;
		};
/* End PBXContainerItemProxy section */

/* Begin PBXFileReference section */
		325028B31AF2D5D800E2ED61 /* services.h */ = {isa = PBXFileReference; fileEncoding = 4; lastKnownFileType = sourcecode.c.h; path = services.h; sourceTree = "<group>"; };
		325028B41AF2D5D800E2ED61 /* services.m */ = {isa = PBXFileReference; fileEncoding = 4; lastKnownFileType = sourcecode.c.objc; path = services.m; sourceTree = "<group>"; };
		325028B61AF307D600E2ED61 /* UIImage+Resize.h */ = {isa = PBXFileReference; fileEncoding = 4; lastKnownFileType = sourcecode.c.h; path = "UIImage+Resize.h"; sourceTree = "<group>"; };
		325028B71AF307D600E2ED61 /* UIImage+Resize.m */ = {isa = PBXFileReference; fileEncoding = 4; lastKnownFileType = sourcecode.c.objc; path = "UIImage+Resize.m"; sourceTree = "<group>"; };
		32724B7B1AF158F900DFD5FF /* WindowsAzureMobileServices.framework */ = {isa = PBXFileReference; lastKnownFileType = wrapper.framework; name = WindowsAzureMobileServices.framework; path = scoopNews/WindowsAzureMobileServices.framework; sourceTree = "<group>"; };
		32724B7D1AF15A5E00DFD5FF /* settings.h */ = {isa = PBXFileReference; fileEncoding = 4; lastKnownFileType = sourcecode.c.h; path = settings.h; sourceTree = "<group>"; };
		32724B7F1AF1719E00DFD5FF /* YWCNewsTableViewController.h */ = {isa = PBXFileReference; fileEncoding = 4; lastKnownFileType = sourcecode.c.h; path = YWCNewsTableViewController.h; sourceTree = "<group>"; };
		32724B801AF1719E00DFD5FF /* YWCNewsTableViewController.m */ = {isa = PBXFileReference; fileEncoding = 4; lastKnownFileType = sourcecode.c.objc; path = YWCNewsTableViewController.m; sourceTree = "<group>"; };
		32724B821AF1720A00DFD5FF /* YWCGeneralNewsTableViewCell.h */ = {isa = PBXFileReference; fileEncoding = 4; lastKnownFileType = sourcecode.c.h; path = YWCGeneralNewsTableViewCell.h; sourceTree = "<group>"; };
		32724B831AF1720A00DFD5FF /* YWCGeneralNewsTableViewCell.m */ = {isa = PBXFileReference; fileEncoding = 4; lastKnownFileType = sourcecode.c.objc; path = YWCGeneralNewsTableViewCell.m; sourceTree = "<group>"; };
		32724B851AF1726700DFD5FF /* YWCMyNewsTableViewCell.h */ = {isa = PBXFileReference; fileEncoding = 4; lastKnownFileType = sourcecode.c.h; path = YWCMyNewsTableViewCell.h; sourceTree = "<group>"; };
		32724B861AF1726700DFD5FF /* YWCMyNewsTableViewCell.m */ = {isa = PBXFileReference; fileEncoding = 4; lastKnownFileType = sourcecode.c.objc; path = YWCMyNewsTableViewCell.m; sourceTree = "<group>"; };
		32724B881AF172E700DFD5FF /* YWCNewViewController.h */ = {isa = PBXFileReference; fileEncoding = 4; lastKnownFileType = sourcecode.c.h; path = YWCNewViewController.h; sourceTree = "<group>"; };
		32724B891AF172E700DFD5FF /* YWCNewViewController.m */ = {isa = PBXFileReference; fileEncoding = 4; lastKnownFileType = sourcecode.c.objc; path = YWCNewViewController.m; sourceTree = "<group>"; };
		32724B8B1AF173A700DFD5FF /* YWCNewsModel.h */ = {isa = PBXFileReference; fileEncoding = 4; lastKnownFileType = sourcecode.c.h; path = YWCNewsModel.h; sourceTree = "<group>"; };
		32724B8C1AF173A700DFD5FF /* YWCNewsModel.m */ = {isa = PBXFileReference; fileEncoding = 4; lastKnownFileType = sourcecode.c.objc; path = YWCNewsModel.m; sourceTree = "<group>"; };
		32724B8F1AF1746A00DFD5FF /* YWCProfile.h */ = {isa = PBXFileReference; fileEncoding = 4; lastKnownFileType = sourcecode.c.h; path = YWCProfile.h; sourceTree = "<group>"; };
		32724B901AF1746A00DFD5FF /* YWCProfile.m */ = {isa = PBXFileReference; fileEncoding = 4; lastKnownFileType = sourcecode.c.objc; path = YWCProfile.m; sourceTree = "<group>"; };
		32724B921AF174CD00DFD5FF /* YWCLibraryNews.h */ = {isa = PBXFileReference; fileEncoding = 4; lastKnownFileType = sourcecode.c.h; path = YWCLibraryNews.h; sourceTree = "<group>"; };
		32724B931AF174CD00DFD5FF /* YWCLibraryNews.m */ = {isa = PBXFileReference; fileEncoding = 4; lastKnownFileType = sourcecode.c.objc; path = YWCLibraryNews.m; sourceTree = "<group>"; };
		32724B951AF18A6100DFD5FF /* ViewController.xib */ = {isa = PBXFileReference; fileEncoding = 4; lastKnownFileType = file.xib; path = ViewController.xib; sourceTree = "<group>"; };
		32724B971AF18AA900DFD5FF /* YWCNewsTableViewController.xib */ = {isa = PBXFileReference; fileEncoding = 4; lastKnownFileType = file.xib; path = YWCNewsTableViewController.xib; sourceTree = "<group>"; };
		32724B991AF18AEB00DFD5FF /* YWCNewViewController.xib */ = {isa = PBXFileReference; fileEncoding = 4; lastKnownFileType = file.xib; path = YWCNewViewController.xib; sourceTree = "<group>"; };
		32724B9B1AF18B2D00DFD5FF /* YWCMyNewsTableViewCell.xib */ = {isa = PBXFileReference; fileEncoding = 4; lastKnownFileType = file.xib; path = YWCMyNewsTableViewCell.xib; sourceTree = "<group>"; };
		32724B9D1AF18B6200DFD5FF /* YWCGeneralNewsTableViewCell.xib */ = {isa = PBXFileReference; fileEncoding = 4; lastKnownFileType = file.xib; path = YWCGeneralNewsTableViewCell.xib; sourceTree = "<group>"; };
		32DE544E1AF2B4A900E4329D /* YWCLoginViewController.h */ = {isa = PBXFileReference; fileEncoding = 4; lastKnownFileType = sourcecode.c.h; path = YWCLoginViewController.h; sourceTree = "<group>"; };
		32DE544F1AF2B4A900E4329D /* YWCLoginViewController.m */ = {isa = PBXFileReference; fileEncoding = 4; lastKnownFileType = sourcecode.c.objc; path = YWCLoginViewController.m; sourceTree = "<group>"; };
		32DE54501AF2B4A900E4329D /* YWCLoginViewController.xib */ = {isa = PBXFileReference; fileEncoding = 4; lastKnownFileType = file.xib; path = YWCLoginViewController.xib; sourceTree = "<group>"; };
		32DE54541AF2BA5700E4329D /* TPKeyboardAvoidingCollectionView.h */ = {isa = PBXFileReference; fileEncoding = 4; lastKnownFileType = sourcecode.c.h; path = TPKeyboardAvoidingCollectionView.h; sourceTree = "<group>"; };
		32DE54551AF2BA5700E4329D /* TPKeyboardAvoidingCollectionView.m */ = {isa = PBXFileReference; fileEncoding = 4; lastKnownFileType = sourcecode.c.objc; path = TPKeyboardAvoidingCollectionView.m; sourceTree = "<group>"; };
		32DE54561AF2BA5700E4329D /* TPKeyboardAvoidingScrollView.h */ = {isa = PBXFileReference; fileEncoding = 4; lastKnownFileType = sourcecode.c.h; path = TPKeyboardAvoidingScrollView.h; sourceTree = "<group>"; };
		32DE54571AF2BA5700E4329D /* TPKeyboardAvoidingScrollView.m */ = {isa = PBXFileReference; fileEncoding = 4; lastKnownFileType = sourcecode.c.objc; path = TPKeyboardAvoidingScrollView.m; sourceTree = "<group>"; };
		32DE54581AF2BA5700E4329D /* TPKeyboardAvoidingTableView.h */ = {isa = PBXFileReference; fileEncoding = 4; lastKnownFileType = sourcecode.c.h; path = TPKeyboardAvoidingTableView.h; sourceTree = "<group>"; };
		32DE54591AF2BA5700E4329D /* TPKeyboardAvoidingTableView.m */ = {isa = PBXFileReference; fileEncoding = 4; lastKnownFileType = sourcecode.c.objc; path = TPKeyboardAvoidingTableView.m; sourceTree = "<group>"; };
		32DE545A1AF2BA5700E4329D /* UIScrollView+TPKeyboardAvoidingAdditions.h */ = {isa = PBXFileReference; fileEncoding = 4; lastKnownFileType = sourcecode.c.h; path = "UIScrollView+TPKeyboardAvoidingAdditions.h"; sourceTree = "<group>"; };
		32DE545B1AF2BA5700E4329D /* UIScrollView+TPKeyboardAvoidingAdditions.m */ = {isa = PBXFileReference; fileEncoding = 4; lastKnownFileType = sourcecode.c.objc; path = "UIScrollView+TPKeyboardAvoidingAdditions.m"; sourceTree = "<group>"; };
		32E7934A1AF1584E00F8F558 /* scoopNews.app */ = {isa = PBXFileReference; explicitFileType = wrapper.application; includeInIndex = 0; path = scoopNews.app; sourceTree = BUILT_PRODUCTS_DIR; };
		32E7934E1AF1584E00F8F558 /* Info.plist */ = {isa = PBXFileReference; lastKnownFileType = text.plist.xml; path = Info.plist; sourceTree = "<group>"; };
		32E7934F1AF1584E00F8F558 /* main.m */ = {isa = PBXFileReference; lastKnownFileType = sourcecode.c.objc; path = main.m; sourceTree = "<group>"; };
		32E793511AF1584E00F8F558 /* AppDelegate.h */ = {isa = PBXFileReference; lastKnownFileType = sourcecode.c.h; path = AppDelegate.h; sourceTree = "<group>"; };
		32E793521AF1584E00F8F558 /* AppDelegate.m */ = {isa = PBXFileReference; lastKnownFileType = sourcecode.c.objc; path = AppDelegate.m; sourceTree = "<group>"; };
		32E793541AF1584E00F8F558 /* ViewController.h */ = {isa = PBXFileReference; lastKnownFileType = sourcecode.c.h; path = ViewController.h; sourceTree = "<group>"; };
		32E793551AF1584E00F8F558 /* ViewController.m */ = {isa = PBXFileReference; lastKnownFileType = sourcecode.c.objc; path = ViewController.m; sourceTree = "<group>"; };
		32E793581AF1584F00F8F558 /* Base */ = {isa = PBXFileReference; lastKnownFileType = file.storyboard; name = Base; path = Base.lproj/Main.storyboard; sourceTree = "<group>"; };
		32E7935A1AF1584F00F8F558 /* Images.xcassets */ = {isa = PBXFileReference; lastKnownFileType = folder.assetcatalog; path = Images.xcassets; sourceTree = "<group>"; };
		32E7935D1AF1584F00F8F558 /* Base */ = {isa = PBXFileReference; lastKnownFileType = file.xib; name = Base; path = Base.lproj/LaunchScreen.xib; sourceTree = "<group>"; };
		32E793631AF1584F00F8F558 /* scoopNewsTests.xctest */ = {isa = PBXFileReference; explicitFileType = wrapper.cfbundle; includeInIndex = 0; path = scoopNewsTests.xctest; sourceTree = BUILT_PRODUCTS_DIR; };
		32E793681AF1584F00F8F558 /* Info.plist */ = {isa = PBXFileReference; lastKnownFileType = text.plist.xml; path = Info.plist; sourceTree = "<group>"; };
		32E793691AF1584F00F8F558 /* scoopNewsTests.m */ = {isa = PBXFileReference; lastKnownFileType = sourcecode.c.objc; path = scoopNewsTests.m; sourceTree = "<group>"; };
/* End PBXFileReference section */

/* Begin PBXFrameworksBuildPhase section */
		32E793471AF1584E00F8F558 /* Frameworks */ = {
			isa = PBXFrameworksBuildPhase;
			buildActionMask = 2147483647;
			files = (
				32724B7C1AF158F900DFD5FF /* WindowsAzureMobileServices.framework in Frameworks */,
			);
			runOnlyForDeploymentPostprocessing = 0;
		};
		32E793601AF1584F00F8F558 /* Frameworks */ = {
			isa = PBXFrameworksBuildPhase;
			buildActionMask = 2147483647;
			files = (
			);
			runOnlyForDeploymentPostprocessing = 0;
		};
/* End PBXFrameworksBuildPhase section */

/* Begin PBXGroup section */
		325028B91AF307E100E2ED61 /* Extensions */ = {
			isa = PBXGroup;
			children = (
				325028B61AF307D600E2ED61 /* UIImage+Resize.h */,
				325028B71AF307D600E2ED61 /* UIImage+Resize.m */,
			);
			name = Extensions;
			sourceTree = "<group>";
		};
		32724B8E1AF173AB00DFD5FF /* Models */ = {
			isa = PBXGroup;
			children = (
				32724B8B1AF173A700DFD5FF /* YWCNewsModel.h */,
				32724B8C1AF173A700DFD5FF /* YWCNewsModel.m */,
				32724B8F1AF1746A00DFD5FF /* YWCProfile.h */,
				32724B901AF1746A00DFD5FF /* YWCProfile.m */,
				32724B921AF174CD00DFD5FF /* YWCLibraryNews.h */,
				32724B931AF174CD00DFD5FF /* YWCLibraryNews.m */,
			);
			name = Models;
			sourceTree = "<group>";
		};
		32724B9F1AF1912000DFD5FF /* Celdas */ = {
			isa = PBXGroup;
			children = (
				32724B821AF1720A00DFD5FF /* YWCGeneralNewsTableViewCell.h */,
				32724B831AF1720A00DFD5FF /* YWCGeneralNewsTableViewCell.m */,
				32724B9D1AF18B6200DFD5FF /* YWCGeneralNewsTableViewCell.xib */,
				32724B851AF1726700DFD5FF /* YWCMyNewsTableViewCell.h */,
				32724B861AF1726700DFD5FF /* YWCMyNewsTableViewCell.m */,
				32724B9B1AF18B2D00DFD5FF /* YWCMyNewsTableViewCell.xib */,
			);
			name = Celdas;
			sourceTree = "<group>";
		};
		32DE54531AF2B4B000E4329D /* login */ = {
			isa = PBXGroup;
			children = (
				32DE544E1AF2B4A900E4329D /* YWCLoginViewController.h */,
				32DE544F1AF2B4A900E4329D /* YWCLoginViewController.m */,
				32DE54501AF2B4A900E4329D /* YWCLoginViewController.xib */,
			);
			name = login;
			sourceTree = "<group>";
		};
		32DE54601AF2BA5B00E4329D /* TPKeyboard */ = {
			isa = PBXGroup;
			children = (
				32DE54541AF2BA5700E4329D /* TPKeyboardAvoidingCollectionView.h */,
				32DE54551AF2BA5700E4329D /* TPKeyboardAvoidingCollectionView.m */,
				32DE54561AF2BA5700E4329D /* TPKeyboardAvoidingScrollView.h */,
				32DE54571AF2BA5700E4329D /* TPKeyboardAvoidingScrollView.m */,
				32DE54581AF2BA5700E4329D /* TPKeyboardAvoidingTableView.h */,
				32DE54591AF2BA5700E4329D /* TPKeyboardAvoidingTableView.m */,
				32DE545A1AF2BA5700E4329D /* UIScrollView+TPKeyboardAvoidingAdditions.h */,
				32DE545B1AF2BA5700E4329D /* UIScrollView+TPKeyboardAvoidingAdditions.m */,
			);
			name = TPKeyboard;
			sourceTree = "<group>";
		};
		32E793411AF1584E00F8F558 = {
			isa = PBXGroup;
			children = (
				32724B7D1AF15A5E00DFD5FF /* settings.h */,
				325028B31AF2D5D800E2ED61 /* services.h */,
				325028B41AF2D5D800E2ED61 /* services.m */,
				32724B7B1AF158F900DFD5FF /* WindowsAzureMobileServices.framework */,
				32E7934C1AF1584E00F8F558 /* scoopNews */,
				32E793661AF1584F00F8F558 /* scoopNewsTests */,
				32E7934B1AF1584E00F8F558 /* Products */,
			);
			sourceTree = "<group>";
		};
		32E7934B1AF1584E00F8F558 /* Products */ = {
			isa = PBXGroup;
			children = (
				32E7934A1AF1584E00F8F558 /* scoopNews.app */,
				32E793631AF1584F00F8F558 /* scoopNewsTests.xctest */,
			);
			name = Products;
			sourceTree = "<group>";
		};
		32E7934C1AF1584E00F8F558 /* scoopNews */ = {
			isa = PBXGroup;
			children = (
				32DE54601AF2BA5B00E4329D /* TPKeyboard */,
				32DE54531AF2B4B000E4329D /* login */,
				32E793511AF1584E00F8F558 /* AppDelegate.h */,
				32E793521AF1584E00F8F558 /* AppDelegate.m */,
				32E793541AF1584E00F8F558 /* ViewController.h */,
				32E793551AF1584E00F8F558 /* ViewController.m */,
				32724B951AF18A6100DFD5FF /* ViewController.xib */,
				32E793571AF1584F00F8F558 /* Main.storyboard */,
				32E7935A1AF1584F00F8F558 /* Images.xcassets */,
				32E7935C1AF1584F00F8F558 /* LaunchScreen.xib */,
				32E7934D1AF1584E00F8F558 /* Supporting Files */,
				32724B7F1AF1719E00DFD5FF /* YWCNewsTableViewController.h */,
				32724B801AF1719E00DFD5FF /* YWCNewsTableViewController.m */,
				32724B971AF18AA900DFD5FF /* YWCNewsTableViewController.xib */,
				32724B881AF172E700DFD5FF /* YWCNewViewController.h */,
				32724B891AF172E700DFD5FF /* YWCNewViewController.m */,
				32724B991AF18AEB00DFD5FF /* YWCNewViewController.xib */,
				32724B9F1AF1912000DFD5FF /* Celdas */,
				32724B8E1AF173AB00DFD5FF /* Models */,
				325028B91AF307E100E2ED61 /* Extensions */,
			);
			path = scoopNews;
			sourceTree = "<group>";
		};
		32E7934D1AF1584E00F8F558 /* Supporting Files */ = {
			isa = PBXGroup;
			children = (
				32E7934E1AF1584E00F8F558 /* Info.plist */,
				32E7934F1AF1584E00F8F558 /* main.m */,
			);
			name = "Supporting Files";
			sourceTree = "<group>";
		};
		32E793661AF1584F00F8F558 /* scoopNewsTests */ = {
			isa = PBXGroup;
			children = (
				32E793691AF1584F00F8F558 /* scoopNewsTests.m */,
				32E793671AF1584F00F8F558 /* Supporting Files */,
			);
			path = scoopNewsTests;
			sourceTree = "<group>";
		};
		32E793671AF1584F00F8F558 /* Supporting Files */ = {
			isa = PBXGroup;
			children = (
				32E793681AF1584F00F8F558 /* Info.plist */,
			);
			name = "Supporting Files";
			sourceTree = "<group>";
		};
/* End PBXGroup section */

/* Begin PBXNativeTarget section */
		32E793491AF1584E00F8F558 /* scoopNews */ = {
			isa = PBXNativeTarget;
			buildConfigurationList = 32E7936D1AF1584F00F8F558 /* Build configuration list for PBXNativeTarget "scoopNews" */;
			buildPhases = (
				32E793461AF1584E00F8F558 /* Sources */,
				32E793471AF1584E00F8F558 /* Frameworks */,
				32E793481AF1584E00F8F558 /* Resources */,
			);
			buildRules = (
			);
			dependencies = (
			);
			name = scoopNews;
			productName = scoopNews;
			productReference = 32E7934A1AF1584E00F8F558 /* scoopNews.app */;
			productType = "com.apple.product-type.application";
		};
		32E793621AF1584F00F8F558 /* scoopNewsTests */ = {
			isa = PBXNativeTarget;
			buildConfigurationList = 32E793701AF1584F00F8F558 /* Build configuration list for PBXNativeTarget "scoopNewsTests" */;
			buildPhases = (
				32E7935F1AF1584F00F8F558 /* Sources */,
				32E793601AF1584F00F8F558 /* Frameworks */,
				32E793611AF1584F00F8F558 /* Resources */,
			);
			buildRules = (
			);
			dependencies = (
				32E793651AF1584F00F8F558 /* PBXTargetDependency */,
			);
			name = scoopNewsTests;
			productName = scoopNewsTests;
			productReference = 32E793631AF1584F00F8F558 /* scoopNewsTests.xctest */;
			productType = "com.apple.product-type.bundle.unit-test";
		};
/* End PBXNativeTarget section */

/* Begin PBXProject section */
		32E793421AF1584E00F8F558 /* Project object */ = {
			isa = PBXProject;
			attributes = {
				LastUpgradeCheck = 0630;
				ORGANIZATIONNAME = "Carmelo Ruymán Quintana Santana";
				TargetAttributes = {
					32E793491AF1584E00F8F558 = {
						CreatedOnToolsVersion = 6.3.1;
					};
					32E793621AF1584F00F8F558 = {
						CreatedOnToolsVersion = 6.3.1;
						TestTargetID = 32E793491AF1584E00F8F558;
					};
				};
			};
			buildConfigurationList = 32E793451AF1584E00F8F558 /* Build configuration list for PBXProject "scoopNews" */;
			compatibilityVersion = "Xcode 3.2";
			developmentRegion = English;
			hasScannedForEncodings = 0;
			knownRegions = (
				en,
				Base,
			);
			mainGroup = 32E793411AF1584E00F8F558;
			productRefGroup = 32E7934B1AF1584E00F8F558 /* Products */;
			projectDirPath = "";
			projectRoot = "";
			targets = (
				32E793491AF1584E00F8F558 /* scoopNews */,
				32E793621AF1584F00F8F558 /* scoopNewsTests */,
			);
		};
/* End PBXProject section */

/* Begin PBXResourcesBuildPhase section */
		32E793481AF1584E00F8F558 /* Resources */ = {
			isa = PBXResourcesBuildPhase;
			buildActionMask = 2147483647;
			files = (
				32724B961AF18A6100DFD5FF /* ViewController.xib in Resources */,
				32E793591AF1584F00F8F558 /* Main.storyboard in Resources */,
				32DE54521AF2B4A900E4329D /* YWCLoginViewController.xib in Resources */,
				32724B7E1AF15A5E00DFD5FF /* settings.h in Resources */,
				32E7935E1AF1584F00F8F558 /* LaunchScreen.xib in Resources */,
				32724B9E1AF18B6200DFD5FF /* YWCGeneralNewsTableViewCell.xib in Resources */,
				32724B9C1AF18B2D00DFD5FF /* YWCMyNewsTableViewCell.xib in Resources */,
				32724B981AF18AA900DFD5FF /* YWCNewsTableViewController.xib in Resources */,
				32724B9A1AF18AEB00DFD5FF /* YWCNewViewController.xib in Resources */,
				32E7935B1AF1584F00F8F558 /* Images.xcassets in Resources */,
			);
			runOnlyForDeploymentPostprocessing = 0;
		};
		32E793611AF1584F00F8F558 /* Resources */ = {
			isa = PBXResourcesBuildPhase;
			buildActionMask = 2147483647;
			files = (
			);
			runOnlyForDeploymentPostprocessing = 0;
		};
/* End PBXResourcesBuildPhase section */

/* Begin PBXSourcesBuildPhase section */
		32E793461AF1584E00F8F558 /* Sources */ = {
			isa = PBXSourcesBuildPhase;
			buildActionMask = 2147483647;
			files = (
				32DE545D1AF2BA5700E4329D /* TPKeyboardAvoidingScrollView.m in Sources */,
				32724B871AF1726700DFD5FF /* YWCMyNewsTableViewCell.m in Sources */,
				32E793561AF1584E00F8F558 /* ViewController.m in Sources */,
				32724B8D1AF173A700DFD5FF /* YWCNewsModel.m in Sources */,
				32DE545F1AF2BA5700E4329D /* UIScrollView+TPKeyboardAvoidingAdditions.m in Sources */,
				32DE54511AF2B4A900E4329D /* YWCLoginViewController.m in Sources */,
				32E793531AF1584E00F8F558 /* AppDelegate.m in Sources */,
				32724B811AF1719E00DFD5FF /* YWCNewsTableViewController.m in Sources */,
				32724B8A1AF172E700DFD5FF /* YWCNewViewController.m in Sources */,
				325028B51AF2D5D800E2ED61 /* services.m in Sources */,
				32E793501AF1584E00F8F558 /* main.m in Sources */,
				32DE545E1AF2BA5700E4329D /* TPKeyboardAvoidingTableView.m in Sources */,
				32724B911AF1746A00DFD5FF /* YWCProfile.m in Sources */,
				32724B941AF174CD00DFD5FF /* YWCLibraryNews.m in Sources */,
				32DE545C1AF2BA5700E4329D /* TPKeyboardAvoidingCollectionView.m in Sources */,
				325028B81AF307D600E2ED61 /* UIImage+Resize.m in Sources */,
				32724B841AF1720A00DFD5FF /* YWCGeneralNewsTableViewCell.m in Sources */,
			);
			runOnlyForDeploymentPostprocessing = 0;
		};
		32E7935F1AF1584F00F8F558 /* Sources */ = {
			isa = PBXSourcesBuildPhase;
			buildActionMask = 2147483647;
			files = (
				32E7936A1AF1584F00F8F558 /* scoopNewsTests.m in Sources */,
			);
			runOnlyForDeploymentPostprocessing = 0;
		};
/* End PBXSourcesBuildPhase section */

/* Begin PBXTargetDependency section */
		32E793651AF1584F00F8F558 /* PBXTargetDependency */ = {
			isa = PBXTargetDependency;
			target = 32E793491AF1584E00F8F558 /* scoopNews */;
			targetProxy = 32E793641AF1584F00F8F558 /* PBXContainerItemProxy */;
		};
/* End PBXTargetDependency section */

/* Begin PBXVariantGroup section */
		32E793571AF1584F00F8F558 /* Main.storyboard */ = {
			isa = PBXVariantGroup;
			children = (
				32E793581AF1584F00F8F558 /* Base */,
			);
			name = Main.storyboard;
			sourceTree = "<group>";
		};
		32E7935C1AF1584F00F8F558 /* LaunchScreen.xib */ = {
			isa = PBXVariantGroup;
			children = (
				32E7935D1AF1584F00F8F558 /* Base */,
			);
			name = LaunchScreen.xib;
			sourceTree = "<group>";
		};
/* End PBXVariantGroup section */

/* Begin XCBuildConfiguration section */
		32E7936B1AF1584F00F8F558 /* Debug */ = {
			isa = XCBuildConfiguration;
			buildSettings = {
				ALWAYS_SEARCH_USER_PATHS = NO;
				CLANG_CXX_LANGUAGE_STANDARD = "gnu++0x";
				CLANG_CXX_LIBRARY = "libc++";
				CLANG_ENABLE_MODULES = YES;
				CLANG_ENABLE_OBJC_ARC = YES;
				CLANG_WARN_BOOL_CONVERSION = YES;
				CLANG_WARN_CONSTANT_CONVERSION = YES;
				CLANG_WARN_DIRECT_OBJC_ISA_USAGE = YES_ERROR;
				CLANG_WARN_EMPTY_BODY = YES;
				CLANG_WARN_ENUM_CONVERSION = YES;
				CLANG_WARN_INT_CONVERSION = YES;
				CLANG_WARN_OBJC_ROOT_CLASS = YES_ERROR;
				CLANG_WARN_UNREACHABLE_CODE = YES;
				CLANG_WARN__DUPLICATE_METHOD_MATCH = YES;
				"CODE_SIGN_IDENTITY[sdk=iphoneos*]" = "iPhone Developer";
				COPY_PHASE_STRIP = NO;
				DEBUG_INFORMATION_FORMAT = "dwarf-with-dsym";
				ENABLE_STRICT_OBJC_MSGSEND = YES;
				GCC_C_LANGUAGE_STANDARD = gnu99;
				GCC_DYNAMIC_NO_PIC = NO;
				GCC_NO_COMMON_BLOCKS = YES;
				GCC_OPTIMIZATION_LEVEL = 0;
				GCC_PREPROCESSOR_DEFINITIONS = (
					"DEBUG=1",
					"$(inherited)",
				);
				GCC_SYMBOLS_PRIVATE_EXTERN = NO;
				GCC_WARN_64_TO_32_BIT_CONVERSION = YES;
				GCC_WARN_ABOUT_RETURN_TYPE = YES_ERROR;
				GCC_WARN_UNDECLARED_SELECTOR = YES;
				GCC_WARN_UNINITIALIZED_AUTOS = YES_AGGRESSIVE;
				GCC_WARN_UNUSED_FUNCTION = YES;
				GCC_WARN_UNUSED_VARIABLE = YES;
				IPHONEOS_DEPLOYMENT_TARGET = 8.3;
				MTL_ENABLE_DEBUG_INFO = YES;
				ONLY_ACTIVE_ARCH = YES;
				SDKROOT = iphoneos;
				TARGETED_DEVICE_FAMILY = "1,2";
			};
			name = Debug;
		};
		32E7936C1AF1584F00F8F558 /* Release */ = {
			isa = XCBuildConfiguration;
			buildSettings = {
				ALWAYS_SEARCH_USER_PATHS = NO;
				CLANG_CXX_LANGUAGE_STANDARD = "gnu++0x";
				CLANG_CXX_LIBRARY = "libc++";
				CLANG_ENABLE_MODULES = YES;
				CLANG_ENABLE_OBJC_ARC = YES;
				CLANG_WARN_BOOL_CONVERSION = YES;
				CLANG_WARN_CONSTANT_CONVERSION = YES;
				CLANG_WARN_DIRECT_OBJC_ISA_USAGE = YES_ERROR;
				CLANG_WARN_EMPTY_BODY = YES;
				CLANG_WARN_ENUM_CONVERSION = YES;
				CLANG_WARN_INT_CONVERSION = YES;
				CLANG_WARN_OBJC_ROOT_CLASS = YES_ERROR;
				CLANG_WARN_UNREACHABLE_CODE = YES;
				CLANG_WARN__DUPLICATE_METHOD_MATCH = YES;
				"CODE_SIGN_IDENTITY[sdk=iphoneos*]" = "iPhone Developer";
				COPY_PHASE_STRIP = NO;
				DEBUG_INFORMATION_FORMAT = "dwarf-with-dsym";
				ENABLE_NS_ASSERTIONS = NO;
				ENABLE_STRICT_OBJC_MSGSEND = YES;
				GCC_C_LANGUAGE_STANDARD = gnu99;
				GCC_NO_COMMON_BLOCKS = YES;
				GCC_WARN_64_TO_32_BIT_CONVERSION = YES;
				GCC_WARN_ABOUT_RETURN_TYPE = YES_ERROR;
				GCC_WARN_UNDECLARED_SELECTOR = YES;
				GCC_WARN_UNINITIALIZED_AUTOS = YES_AGGRESSIVE;
				GCC_WARN_UNUSED_FUNCTION = YES;
				GCC_WARN_UNUSED_VARIABLE = YES;
				IPHONEOS_DEPLOYMENT_TARGET = 8.3;
				MTL_ENABLE_DEBUG_INFO = NO;
				SDKROOT = iphoneos;
				TARGETED_DEVICE_FAMILY = "1,2";
				VALIDATE_PRODUCT = YES;
			};
			name = Release;
		};
		32E7936E1AF1584F00F8F558 /* Debug */ = {
			isa = XCBuildConfiguration;
			buildSettings = {
				ASSETCATALOG_COMPILER_APPICON_NAME = AppIcon;
				FRAMEWORK_SEARCH_PATHS = (
					"$(inherited)",
					"$(PROJECT_DIR)/scoopNews",
					"$(PROJECT_DIR)",
				);
				INFOPLIST_FILE = scoopNews/Info.plist;
				LD_RUNPATH_SEARCH_PATHS = "$(inherited) @executable_path/Frameworks";
				PRODUCT_NAME = "$(TARGET_NAME)";
			};
			name = Debug;
		};
		32E7936F1AF1584F00F8F558 /* Release */ = {
			isa = XCBuildConfiguration;
			buildSettings = {
				ASSETCATALOG_COMPILER_APPICON_NAME = AppIcon;
				FRAMEWORK_SEARCH_PATHS = (
					"$(inherited)",
					"$(PROJECT_DIR)/scoopNews",
					"$(PROJECT_DIR)",
				);
				INFOPLIST_FILE = scoopNews/Info.plist;
				LD_RUNPATH_SEARCH_PATHS = "$(inherited) @executable_path/Frameworks";
				PRODUCT_NAME = "$(TARGET_NAME)";
			};
			name = Release;
		};
		32E793711AF1584F00F8F558 /* Debug */ = {
			isa = XCBuildConfiguration;
			buildSettings = {
				BUNDLE_LOADER = "$(TEST_HOST)";
				FRAMEWORK_SEARCH_PATHS = (
					"$(SDKROOT)/Developer/Library/Frameworks",
					"$(inherited)",
				);
				GCC_PREPROCESSOR_DEFINITIONS = (
					"DEBUG=1",
					"$(inherited)",
				);
				INFOPLIST_FILE = scoopNewsTests/Info.plist;
				LD_RUNPATH_SEARCH_PATHS = "$(inherited) @executable_path/Frameworks @loader_path/Frameworks";
				PRODUCT_NAME = "$(TARGET_NAME)";
				TEST_HOST = "$(BUILT_PRODUCTS_DIR)/scoopNews.app/scoopNews";
			};
			name = Debug;
		};
		32E793721AF1584F00F8F558 /* Release */ = {
			isa = XCBuildConfiguration;
			buildSettings = {
				BUNDLE_LOADER = "$(TEST_HOST)";
				FRAMEWORK_SEARCH_PATHS = (
					"$(SDKROOT)/Developer/Library/Frameworks",
					"$(inherited)",
				);
				INFOPLIST_FILE = scoopNewsTests/Info.plist;
				LD_RUNPATH_SEARCH_PATHS = "$(inherited) @executable_path/Frameworks @loader_path/Frameworks";
				PRODUCT_NAME = "$(TARGET_NAME)";
				TEST_HOST = "$(BUILT_PRODUCTS_DIR)/scoopNews.app/scoopNews";
			};
			name = Release;
		};
/* End XCBuildConfiguration section */

/* Begin XCConfigurationList section */
		32E793451AF1584E00F8F558 /* Build configuration list for PBXProject "scoopNews" */ = {
			isa = XCConfigurationList;
			buildConfigurations = (
				32E7936B1AF1584F00F8F558 /* Debug */,
				32E7936C1AF1584F00F8F558 /* Release */,
			);
			defaultConfigurationIsVisible = 0;
			defaultConfigurationName = Release;
		};
		32E7936D1AF1584F00F8F558 /* Build configuration list for PBXNativeTarget "scoopNews" */ = {
			isa = XCConfigurationList;
			buildConfigurations = (
				32E7936E1AF1584F00F8F558 /* Debug */,
				32E7936F1AF1584F00F8F558 /* Release */,
			);
			defaultConfigurationIsVisible = 0;
			defaultConfigurationName = Release;
		};
		32E793701AF1584F00F8F558 /* Build configuration list for PBXNativeTarget "scoopNewsTests" */ = {
			isa = XCConfigurationList;
			buildConfigurations = (
				32E793711AF1584F00F8F558 /* Debug */,
				32E793721AF1584F00F8F558 /* Release */,
			);
			defaultConfigurationIsVisible = 0;
			defaultConfigurationName = Release;
		};
/* End XCConfigurationList section */
	};
	rootObject = 32E793421AF1584E00F8F558 /* Project object */;
}
